{
  "object": {
    "pins": [
      {
        "package": "LifeGame",
        "repositoryURL": "https://github.com/YusukeHosonuma/LifeGame",
        "state": {
          "branch": "main",
          "revision": "376412c29a432640279b76ba999de8fcf1854878",
          "version": null
        }
      }
    ]
  },
  "version": 1
}
