{
  "object": {
    "pins": [
      {
        "package": "LifeGame",
        "repositoryURL": "https://github.com/YusukeHosonuma/LifeGame",
        "state": {
          "branch": null,
          "revision": "dc79b918871f0f2a0801d227c39d2239c943d82e",
          "version": "1.5.0"
        }
      }
    ]
  },
  "version": 1
}
