{
  "object": {
    "pins": [
      {
        "package": "LifeGame",
        "repositoryURL": "https://github.com/YusukeHosonuma/LifeGame",
        "state": {
          "branch": null,
          "revision": "d1eacbcefbf274073d7253fb27fc0d9c6fdaa749",
          "version": "1.4.0"
        }
      }
    ]
  },
  "version": 1
}
