// !$*UTF8*$!
{
	archiveVersion = 1;
	classes = {
	};
	objectVersion = 52;
	objects = {

/* Begin PBXBuildFile section */
		E51836EB24C0AA3B00DDE3A6 /* LifeGame in Frameworks */ = {isa = PBXBuildFile; productRef = E51836EA24C0AA3B00DDE3A6 /* LifeGame */; };
		E5BA30A824BEE05A002D0564 /* ContentView.swift in Sources */ = {isa = PBXBuildFile; fileRef = E5D9F24B24BEBDBC009A526B /* ContentView.swift */; };
		E5BA30B624BEE444002D0564 /* LifeGame in Frameworks */ = {isa = PBXBuildFile; productRef = E5BA30B524BEE444002D0564 /* LifeGame */; };
		E5BA30B824BF05BC002D0564 /* ContentViewModel.swift in Sources */ = {isa = PBXBuildFile; fileRef = E5BA30B724BF05BC002D0564 /* ContentViewModel.swift */; };
		E5BA30B924BF05BC002D0564 /* ContentViewModel.swift in Sources */ = {isa = PBXBuildFile; fileRef = E5BA30B724BF05BC002D0564 /* ContentViewModel.swift */; };
		E5D9F26624BEBDBD009A526B /* Tests_iOS.swift in Sources */ = {isa = PBXBuildFile; fileRef = E5D9F26524BEBDBD009A526B /* Tests_iOS.swift */; };
		E5D9F27124BEBDBD009A526B /* Tests_macOS.swift in Sources */ = {isa = PBXBuildFile; fileRef = E5D9F27024BEBDBD009A526B /* Tests_macOS.swift */; };
		E5D9F27324BEBDBD009A526B /* LifeGameApp.swift in Sources */ = {isa = PBXBuildFile; fileRef = E5D9F24A24BEBDBC009A526B /* LifeGameApp.swift */; };
		E5D9F27424BEBDBD009A526B /* LifeGameApp.swift in Sources */ = {isa = PBXBuildFile; fileRef = E5D9F24A24BEBDBC009A526B /* LifeGameApp.swift */; };
		E5D9F27524BEBDBD009A526B /* ContentView.swift in Sources */ = {isa = PBXBuildFile; fileRef = E5D9F24B24BEBDBC009A526B /* ContentView.swift */; };
		E5D9F27724BEBDBD009A526B /* Assets.xcassets in Resources */ = {isa = PBXBuildFile; fileRef = E5D9F24C24BEBDBD009A526B /* Assets.xcassets */; };
		E5D9F27824BEBDBD009A526B /* Assets.xcassets in Resources */ = {isa = PBXBuildFile; fileRef = E5D9F24C24BEBDBD009A526B /* Assets.xcassets */; };
		E5FA934224C0570800229AAA /* CircleStyle.swift in Sources */ = {isa = PBXBuildFile; fileRef = E5FA934124C0570800229AAA /* CircleStyle.swift */; };
		E5FA934324C0570800229AAA /* CircleStyle.swift in Sources */ = {isa = PBXBuildFile; fileRef = E5FA934124C0570800229AAA /* CircleStyle.swift */; };
		E5FA934624C05F5100229AAA /* RoundStyle.swift in Sources */ = {isa = PBXBuildFile; fileRef = E5FA934524C05F5100229AAA /* RoundStyle.swift */; };
		E5FA934724C05F5100229AAA /* RoundStyle.swift in Sources */ = {isa = PBXBuildFile; fileRef = E5FA934524C05F5100229AAA /* RoundStyle.swift */; };
		E5FA934C24C07A5500229AAA /* BoardPreset.swift in Sources */ = {isa = PBXBuildFile; fileRef = E5FA934B24C07A5500229AAA /* BoardPreset.swift */; };
		E5FA934D24C07A5500229AAA /* BoardPreset.swift in Sources */ = {isa = PBXBuildFile; fileRef = E5FA934B24C07A5500229AAA /* BoardPreset.swift */; };
		E5FA935024C07AE300229AAA /* Collection+.swift in Sources */ = {isa = PBXBuildFile; fileRef = E5FA934F24C07AE300229AAA /* Collection+.swift */; };
		E5FA935124C07AE300229AAA /* Collection+.swift in Sources */ = {isa = PBXBuildFile; fileRef = E5FA934F24C07AE300229AAA /* Collection+.swift */; };
/* End PBXBuildFile section */

/* Begin PBXContainerItemProxy section */
		E5D9F26224BEBDBD009A526B /* PBXContainerItemProxy */ = {
			isa = PBXContainerItemProxy;
			containerPortal = E5D9F24524BEBDBC009A526B /* Project object */;
			proxyType = 1;
			remoteGlobalIDString = E5D9F25024BEBDBD009A526B;
			remoteInfo = "LifeGameApp (iOS)";
		};
		E5D9F26D24BEBDBD009A526B /* PBXContainerItemProxy */ = {
			isa = PBXContainerItemProxy;
			containerPortal = E5D9F24524BEBDBC009A526B /* Project object */;
			proxyType = 1;
			remoteGlobalIDString = E5D9F25824BEBDBD009A526B;
			remoteInfo = "LifeGameApp (macOS)";
		};
/* End PBXContainerItemProxy section */

/* Begin PBXFileReference section */
		E5BA30A924BEE073002D0564 /* SwiftUI.framework */ = {isa = PBXFileReference; lastKnownFileType = wrapper.framework; name = SwiftUI.framework; path = Platforms/iPhoneOS.platform/Developer/SDKs/iPhoneOS14.0.sdk/System/Library/Frameworks/SwiftUI.framework; sourceTree = DEVELOPER_DIR; };
		E5BA30B724BF05BC002D0564 /* ContentViewModel.swift */ = {isa = PBXFileReference; lastKnownFileType = sourcecode.swift; path = ContentViewModel.swift; sourceTree = "<group>"; };
		E5D9F24A24BEBDBC009A526B /* LifeGameApp.swift */ = {isa = PBXFileReference; lastKnownFileType = sourcecode.swift; path = LifeGameApp.swift; sourceTree = "<group>"; };
		E5D9F24B24BEBDBC009A526B /* ContentView.swift */ = {isa = PBXFileReference; lastKnownFileType = sourcecode.swift; path = ContentView.swift; sourceTree = "<group>"; };
		E5D9F24C24BEBDBD009A526B /* Assets.xcassets */ = {isa = PBXFileReference; lastKnownFileType = folder.assetcatalog; path = Assets.xcassets; sourceTree = "<group>"; };
		E5D9F25124BEBDBD009A526B /* LifeGameApp.app */ = {isa = PBXFileReference; explicitFileType = wrapper.application; includeInIndex = 0; path = LifeGameApp.app; sourceTree = BUILT_PRODUCTS_DIR; };
		E5D9F25424BEBDBD009A526B /* Info.plist */ = {isa = PBXFileReference; lastKnownFileType = text.plist.xml; path = Info.plist; sourceTree = "<group>"; };
		E5D9F25924BEBDBD009A526B /* LifeGameApp.app */ = {isa = PBXFileReference; explicitFileType = wrapper.application; includeInIndex = 0; path = LifeGameApp.app; sourceTree = BUILT_PRODUCTS_DIR; };
		E5D9F25B24BEBDBD009A526B /* Info.plist */ = {isa = PBXFileReference; lastKnownFileType = text.plist.xml; path = Info.plist; sourceTree = "<group>"; };
		E5D9F25C24BEBDBD009A526B /* macOS.entitlements */ = {isa = PBXFileReference; lastKnownFileType = text.plist.entitlements; path = macOS.entitlements; sourceTree = "<group>"; };
		E5D9F26124BEBDBD009A526B /* Tests iOS.xctest */ = {isa = PBXFileReference; explicitFileType = wrapper.cfbundle; includeInIndex = 0; path = "Tests iOS.xctest"; sourceTree = BUILT_PRODUCTS_DIR; };
		E5D9F26524BEBDBD009A526B /* Tests_iOS.swift */ = {isa = PBXFileReference; lastKnownFileType = sourcecode.swift; path = Tests_iOS.swift; sourceTree = "<group>"; };
		E5D9F26724BEBDBD009A526B /* Info.plist */ = {isa = PBXFileReference; lastKnownFileType = text.plist.xml; path = Info.plist; sourceTree = "<group>"; };
		E5D9F26C24BEBDBD009A526B /* Tests macOS.xctest */ = {isa = PBXFileReference; explicitFileType = wrapper.cfbundle; includeInIndex = 0; path = "Tests macOS.xctest"; sourceTree = BUILT_PRODUCTS_DIR; };
		E5D9F27024BEBDBD009A526B /* Tests_macOS.swift */ = {isa = PBXFileReference; lastKnownFileType = sourcecode.swift; path = Tests_macOS.swift; sourceTree = "<group>"; };
		E5D9F27224BEBDBD009A526B /* Info.plist */ = {isa = PBXFileReference; lastKnownFileType = text.plist.xml; path = Info.plist; sourceTree = "<group>"; };
		E5FA934124C0570800229AAA /* CircleStyle.swift */ = {isa = PBXFileReference; lastKnownFileType = sourcecode.swift; path = CircleStyle.swift; sourceTree = "<group>"; };
		E5FA934524C05F5100229AAA /* RoundStyle.swift */ = {isa = PBXFileReference; lastKnownFileType = sourcecode.swift; path = RoundStyle.swift; sourceTree = "<group>"; };
		E5FA934B24C07A5500229AAA /* BoardPreset.swift */ = {isa = PBXFileReference; lastKnownFileType = sourcecode.swift; path = BoardPreset.swift; sourceTree = "<group>"; };
		E5FA934F24C07AE300229AAA /* Collection+.swift */ = {isa = PBXFileReference; lastKnownFileType = sourcecode.swift; path = "Collection+.swift"; sourceTree = "<group>"; };
/* End PBXFileReference section */

/* Begin PBXFrameworksBuildPhase section */
		E5D9F24E24BEBDBD009A526B /* Frameworks */ = {
			isa = PBXFrameworksBuildPhase;
			buildActionMask = 2147483647;
			files = (
				E51836EB24C0AA3B00DDE3A6 /* LifeGame in Frameworks */,
				E5BA30B624BEE444002D0564 /* LifeGame in Frameworks */,
			);
			runOnlyForDeploymentPostprocessing = 0;
		};
		E5D9F25624BEBDBD009A526B /* Frameworks */ = {
			isa = PBXFrameworksBuildPhase;
			buildActionMask = 2147483647;
			files = (
			);
			runOnlyForDeploymentPostprocessing = 0;
		};
		E5D9F25E24BEBDBD009A526B /* Frameworks */ = {
			isa = PBXFrameworksBuildPhase;
			buildActionMask = 2147483647;
			files = (
			);
			runOnlyForDeploymentPostprocessing = 0;
		};
		E5D9F26924BEBDBD009A526B /* Frameworks */ = {
			isa = PBXFrameworksBuildPhase;
			buildActionMask = 2147483647;
			files = (
			);
			runOnlyForDeploymentPostprocessing = 0;
		};
/* End PBXFrameworksBuildPhase section */

/* Begin PBXGroup section */
		E5D9F24424BEBDBC009A526B = {
			isa = PBXGroup;
			children = (
				E5D9F24924BEBDBC009A526B /* Shared */,
				E5D9F25324BEBDBD009A526B /* iOS */,
				E5D9F25A24BEBDBD009A526B /* macOS */,
				E5D9F26424BEBDBD009A526B /* Tests iOS */,
				E5D9F26F24BEBDBD009A526B /* Tests macOS */,
				E5D9F25224BEBDBD009A526B /* Products */,
				E5D9F28824BEDCFC009A526B /* Frameworks */,
			);
			sourceTree = "<group>";
		};
		E5D9F24924BEBDBC009A526B /* Shared */ = {
			isa = PBXGroup;
			children = (
				E5FA934824C0794900229AAA /* App */,
				E5FA934924C0799700229AAA /* View */,
				E5FA934424C05E8F00229AAA /* Styles */,
				E5FA934A24C07A3D00229AAA /* Model */,
				E5FA934E24C07ACE00229AAA /* Extensions */,
			);
			path = Shared;
			sourceTree = "<group>";
		};
		E5D9F25224BEBDBD009A526B /* Products */ = {
			isa = PBXGroup;
			children = (
				E5D9F25124BEBDBD009A526B /* LifeGameApp.app */,
				E5D9F25924BEBDBD009A526B /* LifeGameApp.app */,
				E5D9F26124BEBDBD009A526B /* Tests iOS.xctest */,
				E5D9F26C24BEBDBD009A526B /* Tests macOS.xctest */,
			);
			name = Products;
			sourceTree = "<group>";
		};
		E5D9F25324BEBDBD009A526B /* iOS */ = {
			isa = PBXGroup;
			children = (
				E5D9F25424BEBDBD009A526B /* Info.plist */,
			);
			path = iOS;
			sourceTree = "<group>";
		};
		E5D9F25A24BEBDBD009A526B /* macOS */ = {
			isa = PBXGroup;
			children = (
				E5D9F25B24BEBDBD009A526B /* Info.plist */,
				E5D9F25C24BEBDBD009A526B /* macOS.entitlements */,
			);
			path = macOS;
			sourceTree = "<group>";
		};
		E5D9F26424BEBDBD009A526B /* Tests iOS */ = {
			isa = PBXGroup;
			children = (
				E5D9F26524BEBDBD009A526B /* Tests_iOS.swift */,
				E5D9F26724BEBDBD009A526B /* Info.plist */,
			);
			path = "Tests iOS";
			sourceTree = "<group>";
		};
		E5D9F26F24BEBDBD009A526B /* Tests macOS */ = {
			isa = PBXGroup;
			children = (
				E5D9F27024BEBDBD009A526B /* Tests_macOS.swift */,
				E5D9F27224BEBDBD009A526B /* Info.plist */,
			);
			path = "Tests macOS";
			sourceTree = "<group>";
		};
		E5D9F28824BEDCFC009A526B /* Frameworks */ = {
			isa = PBXGroup;
			children = (
				E5BA30A924BEE073002D0564 /* SwiftUI.framework */,
			);
			name = Frameworks;
			sourceTree = "<group>";
		};
		E5FA934424C05E8F00229AAA /* Styles */ = {
			isa = PBXGroup;
			children = (
				E5FA936524C07D1D00229AAA /* Button */,
			);
			path = Styles;
			sourceTree = "<group>";
		};
		E5FA934824C0794900229AAA /* App */ = {
			isa = PBXGroup;
			children = (
				E5D9F24A24BEBDBC009A526B /* LifeGameApp.swift */,
				E5D9F24C24BEBDBD009A526B /* Assets.xcassets */,
			);
			path = App;
			sourceTree = "<group>";
		};
		E5FA934924C0799700229AAA /* View */ = {
			isa = PBXGroup;
			children = (
				E5D9F24B24BEBDBC009A526B /* ContentView.swift */,
				E5BA30B724BF05BC002D0564 /* ContentViewModel.swift */,
			);
			path = View;
			sourceTree = "<group>";
		};
		E5FA934A24C07A3D00229AAA /* Model */ = {
			isa = PBXGroup;
			children = (
				E5FA934B24C07A5500229AAA /* BoardPreset.swift */,
			);
			path = Model;
			sourceTree = "<group>";
		};
		E5FA934E24C07ACE00229AAA /* Extensions */ = {
			isa = PBXGroup;
			children = (
				E5FA934F24C07AE300229AAA /* Collection+.swift */,
			);
			path = Extensions;
			sourceTree = "<group>";
		};
		E5FA936524C07D1D00229AAA /* Button */ = {
			isa = PBXGroup;
			children = (
				E5FA934124C0570800229AAA /* CircleStyle.swift */,
				E5FA934524C05F5100229AAA /* RoundStyle.swift */,
			);
			path = Button;
			sourceTree = "<group>";
		};
/* End PBXGroup section */

/* Begin PBXNativeTarget section */
		E5D9F25024BEBDBD009A526B /* LifeGameApp (iOS) */ = {
			isa = PBXNativeTarget;
			buildConfigurationList = E5D9F27B24BEBDBD009A526B /* Build configuration list for PBXNativeTarget "LifeGameApp (iOS)" */;
			buildPhases = (
				E5D9F24D24BEBDBD009A526B /* Sources */,
				E5D9F24E24BEBDBD009A526B /* Frameworks */,
				E5D9F24F24BEBDBD009A526B /* Resources */,
			);
			buildRules = (
			);
			dependencies = (
			);
			name = "LifeGameApp (iOS)";
			packageProductDependencies = (
				E5BA30B524BEE444002D0564 /* LifeGame */,
				E51836EA24C0AA3B00DDE3A6 /* LifeGame */,
			);
			productName = "LifeGameApp (iOS)";
			productReference = E5D9F25124BEBDBD009A526B /* LifeGameApp.app */;
			productType = "com.apple.product-type.application";
		};
		E5D9F25824BEBDBD009A526B /* LifeGameApp (macOS) */ = {
			isa = PBXNativeTarget;
			buildConfigurationList = E5D9F27E24BEBDBD009A526B /* Build configuration list for PBXNativeTarget "LifeGameApp (macOS)" */;
			buildPhases = (
				E5D9F25524BEBDBD009A526B /* Sources */,
				E5D9F25624BEBDBD009A526B /* Frameworks */,
				E5D9F25724BEBDBD009A526B /* Resources */,
			);
			buildRules = (
			);
			dependencies = (
			);
			name = "LifeGameApp (macOS)";
			productName = "LifeGameApp (macOS)";
			productReference = E5D9F25924BEBDBD009A526B /* LifeGameApp.app */;
			productType = "com.apple.product-type.application";
		};
		E5D9F26024BEBDBD009A526B /* Tests iOS */ = {
			isa = PBXNativeTarget;
			buildConfigurationList = E5D9F28124BEBDBD009A526B /* Build configuration list for PBXNativeTarget "Tests iOS" */;
			buildPhases = (
				E5D9F25D24BEBDBD009A526B /* Sources */,
				E5D9F25E24BEBDBD009A526B /* Frameworks */,
				E5D9F25F24BEBDBD009A526B /* Resources */,
			);
			buildRules = (
			);
			dependencies = (
				E5D9F26324BEBDBD009A526B /* PBXTargetDependency */,
			);
			name = "Tests iOS";
			productName = "Tests iOS";
			productReference = E5D9F26124BEBDBD009A526B /* Tests iOS.xctest */;
			productType = "com.apple.product-type.bundle.ui-testing";
		};
		E5D9F26B24BEBDBD009A526B /* Tests macOS */ = {
			isa = PBXNativeTarget;
			buildConfigurationList = E5D9F28424BEBDBD009A526B /* Build configuration list for PBXNativeTarget "Tests macOS" */;
			buildPhases = (
				E5D9F26824BEBDBD009A526B /* Sources */,
				E5D9F26924BEBDBD009A526B /* Frameworks */,
				E5D9F26A24BEBDBD009A526B /* Resources */,
			);
			buildRules = (
			);
			dependencies = (
				E5D9F26E24BEBDBD009A526B /* PBXTargetDependency */,
			);
			name = "Tests macOS";
			productName = "Tests macOS";
			productReference = E5D9F26C24BEBDBD009A526B /* Tests macOS.xctest */;
			productType = "com.apple.product-type.bundle.ui-testing";
		};
/* End PBXNativeTarget section */

/* Begin PBXProject section */
		E5D9F24524BEBDBC009A526B /* Project object */ = {
			isa = PBXProject;
			attributes = {
				LastSwiftUpdateCheck = 1200;
				LastUpgradeCheck = 1200;
				TargetAttributes = {
					E5D9F25024BEBDBD009A526B = {
						CreatedOnToolsVersion = 12.0;
					};
					E5D9F25824BEBDBD009A526B = {
						CreatedOnToolsVersion = 12.0;
					};
					E5D9F26024BEBDBD009A526B = {
						CreatedOnToolsVersion = 12.0;
						TestTargetID = E5D9F25024BEBDBD009A526B;
					};
					E5D9F26B24BEBDBD009A526B = {
						CreatedOnToolsVersion = 12.0;
						TestTargetID = E5D9F25824BEBDBD009A526B;
					};
				};
			};
			buildConfigurationList = E5D9F24824BEBDBC009A526B /* Build configuration list for PBXProject "LifeGameApp" */;
			compatibilityVersion = "Xcode 9.3";
			developmentRegion = en;
			hasScannedForEncodings = 0;
			knownRegions = (
				en,
				Base,
			);
			mainGroup = E5D9F24424BEBDBC009A526B;
			packageReferences = (
				E51836E924C0AA3B00DDE3A6 /* XCRemoteSwiftPackageReference "LifeGame" */,
			);
			productRefGroup = E5D9F25224BEBDBD009A526B /* Products */;
			projectDirPath = "";
			projectRoot = "";
			targets = (
				E5D9F25024BEBDBD009A526B /* LifeGameApp (iOS) */,
				E5D9F25824BEBDBD009A526B /* LifeGameApp (macOS) */,
				E5D9F26024BEBDBD009A526B /* Tests iOS */,
				E5D9F26B24BEBDBD009A526B /* Tests macOS */,
			);
		};
/* End PBXProject section */

/* Begin PBXResourcesBuildPhase section */
		E5D9F24F24BEBDBD009A526B /* Resources */ = {
			isa = PBXResourcesBuildPhase;
			buildActionMask = 2147483647;
			files = (
				E5D9F27724BEBDBD009A526B /* Assets.xcassets in Resources */,
			);
			runOnlyForDeploymentPostprocessing = 0;
		};
		E5D9F25724BEBDBD009A526B /* Resources */ = {
			isa = PBXResourcesBuildPhase;
			buildActionMask = 2147483647;
			files = (
				E5D9F27824BEBDBD009A526B /* Assets.xcassets in Resources */,
			);
			runOnlyForDeploymentPostprocessing = 0;
		};
		E5D9F25F24BEBDBD009A526B /* Resources */ = {
			isa = PBXResourcesBuildPhase;
			buildActionMask = 2147483647;
			files = (
			);
			runOnlyForDeploymentPostprocessing = 0;
		};
		E5D9F26A24BEBDBD009A526B /* Resources */ = {
			isa = PBXResourcesBuildPhase;
			buildActionMask = 2147483647;
			files = (
			);
			runOnlyForDeploymentPostprocessing = 0;
		};
/* End PBXResourcesBuildPhase section */

/* Begin PBXSourcesBuildPhase section */
		E5D9F24D24BEBDBD009A526B /* Sources */ = {
			isa = PBXSourcesBuildPhase;
			buildActionMask = 2147483647;
			files = (
				E5FA934624C05F5100229AAA /* RoundStyle.swift in Sources */,
				E5FA934C24C07A5500229AAA /* BoardPreset.swift in Sources */,
				E5D9F27524BEBDBD009A526B /* ContentView.swift in Sources */,
				E5BA30B824BF05BC002D0564 /* ContentViewModel.swift in Sources */,
				E5D9F27324BEBDBD009A526B /* LifeGameApp.swift in Sources */,
				E5FA935024C07AE300229AAA /* Collection+.swift in Sources */,
				E5FA934224C0570800229AAA /* CircleStyle.swift in Sources */,
			);
			runOnlyForDeploymentPostprocessing = 0;
		};
		E5D9F25524BEBDBD009A526B /* Sources */ = {
			isa = PBXSourcesBuildPhase;
			buildActionMask = 2147483647;
			files = (
				E5FA934724C05F5100229AAA /* RoundStyle.swift in Sources */,
				E5FA934D24C07A5500229AAA /* BoardPreset.swift in Sources */,
				E5BA30A824BEE05A002D0564 /* ContentView.swift in Sources */,
				E5BA30B924BF05BC002D0564 /* ContentViewModel.swift in Sources */,
				E5D9F27424BEBDBD009A526B /* LifeGameApp.swift in Sources */,
				E5FA935124C07AE300229AAA /* Collection+.swift in Sources */,
				E5FA934324C0570800229AAA /* CircleStyle.swift in Sources */,
			);
			runOnlyForDeploymentPostprocessing = 0;
		};
		E5D9F25D24BEBDBD009A526B /* Sources */ = {
			isa = PBXSourcesBuildPhase;
			buildActionMask = 2147483647;
			files = (
				E5D9F26624BEBDBD009A526B /* Tests_iOS.swift in Sources */,
			);
			runOnlyForDeploymentPostprocessing = 0;
		};
		E5D9F26824BEBDBD009A526B /* Sources */ = {
			isa = PBXSourcesBuildPhase;
			buildActionMask = 2147483647;
			files = (
				E5D9F27124BEBDBD009A526B /* Tests_macOS.swift in Sources */,
			);
			runOnlyForDeploymentPostprocessing = 0;
		};
/* End PBXSourcesBuildPhase section */

/* Begin PBXTargetDependency section */
		E5D9F26324BEBDBD009A526B /* PBXTargetDependency */ = {
			isa = PBXTargetDependency;
			target = E5D9F25024BEBDBD009A526B /* LifeGameApp (iOS) */;
			targetProxy = E5D9F26224BEBDBD009A526B /* PBXContainerItemProxy */;
		};
		E5D9F26E24BEBDBD009A526B /* PBXTargetDependency */ = {
			isa = PBXTargetDependency;
			target = E5D9F25824BEBDBD009A526B /* LifeGameApp (macOS) */;
			targetProxy = E5D9F26D24BEBDBD009A526B /* PBXContainerItemProxy */;
		};
/* End PBXTargetDependency section */

/* Begin XCBuildConfiguration section */
		E5D9F27924BEBDBD009A526B /* Debug */ = {
			isa = XCBuildConfiguration;
			buildSettings = {
				ALWAYS_SEARCH_USER_PATHS = NO;
				CLANG_ANALYZER_NONNULL = YES;
				CLANG_ANALYZER_NUMBER_OBJECT_CONVERSION = YES_AGGRESSIVE;
				CLANG_CXX_LANGUAGE_STANDARD = "gnu++14";
				CLANG_CXX_LIBRARY = "libc++";
				CLANG_ENABLE_MODULES = YES;
				CLANG_ENABLE_OBJC_ARC = YES;
				CLANG_ENABLE_OBJC_WEAK = YES;
				CLANG_WARN_BLOCK_CAPTURE_AUTORELEASING = YES;
				CLANG_WARN_BOOL_CONVERSION = YES;
				CLANG_WARN_COMMA = YES;
				CLANG_WARN_CONSTANT_CONVERSION = YES;
				CLANG_WARN_DEPRECATED_OBJC_IMPLEMENTATIONS = YES;
				CLANG_WARN_DIRECT_OBJC_ISA_USAGE = YES_ERROR;
				CLANG_WARN_DOCUMENTATION_COMMENTS = YES;
				CLANG_WARN_EMPTY_BODY = YES;
				CLANG_WARN_ENUM_CONVERSION = YES;
				CLANG_WARN_INFINITE_RECURSION = YES;
				CLANG_WARN_INT_CONVERSION = YES;
				CLANG_WARN_NON_LITERAL_NULL_CONVERSION = YES;
				CLANG_WARN_OBJC_IMPLICIT_RETAIN_SELF = YES;
				CLANG_WARN_OBJC_LITERAL_CONVERSION = YES;
				CLANG_WARN_OBJC_ROOT_CLASS = YES_ERROR;
				CLANG_WARN_QUOTED_INCLUDE_IN_FRAMEWORK_HEADER = YES;
				CLANG_WARN_RANGE_LOOP_ANALYSIS = YES;
				CLANG_WARN_STRICT_PROTOTYPES = YES;
				CLANG_WARN_SUSPICIOUS_MOVE = YES;
				CLANG_WARN_UNGUARDED_AVAILABILITY = YES_AGGRESSIVE;
				CLANG_WARN_UNREACHABLE_CODE = YES;
				CLANG_WARN__DUPLICATE_METHOD_MATCH = YES;
				COPY_PHASE_STRIP = NO;
				DEBUG_INFORMATION_FORMAT = dwarf;
				ENABLE_STRICT_OBJC_MSGSEND = YES;
				ENABLE_TESTABILITY = YES;
				GCC_C_LANGUAGE_STANDARD = gnu11;
				GCC_DYNAMIC_NO_PIC = NO;
				GCC_NO_COMMON_BLOCKS = YES;
				GCC_OPTIMIZATION_LEVEL = 0;
				GCC_PREPROCESSOR_DEFINITIONS = (
					"DEBUG=1",
					"$(inherited)",
				);
				GCC_WARN_64_TO_32_BIT_CONVERSION = YES;
				GCC_WARN_ABOUT_RETURN_TYPE = YES_ERROR;
				GCC_WARN_UNDECLARED_SELECTOR = YES;
				GCC_WARN_UNINITIALIZED_AUTOS = YES_AGGRESSIVE;
				GCC_WARN_UNUSED_FUNCTION = YES;
				GCC_WARN_UNUSED_VARIABLE = YES;
				MTL_ENABLE_DEBUG_INFO = INCLUDE_SOURCE;
				MTL_FAST_MATH = YES;
				ONLY_ACTIVE_ARCH = YES;
				SWIFT_ACTIVE_COMPILATION_CONDITIONS = DEBUG;
				SWIFT_OPTIMIZATION_LEVEL = "-Onone";
			};
			name = Debug;
		};
		E5D9F27A24BEBDBD009A526B /* Release */ = {
			isa = XCBuildConfiguration;
			buildSettings = {
				ALWAYS_SEARCH_USER_PATHS = NO;
				CLANG_ANALYZER_NONNULL = YES;
				CLANG_ANALYZER_NUMBER_OBJECT_CONVERSION = YES_AGGRESSIVE;
				CLANG_CXX_LANGUAGE_STANDARD = "gnu++14";
				CLANG_CXX_LIBRARY = "libc++";
				CLANG_ENABLE_MODULES = YES;
				CLANG_ENABLE_OBJC_ARC = YES;
				CLANG_ENABLE_OBJC_WEAK = YES;
				CLANG_WARN_BLOCK_CAPTURE_AUTORELEASING = YES;
				CLANG_WARN_BOOL_CONVERSION = YES;
				CLANG_WARN_COMMA = YES;
				CLANG_WARN_CONSTANT_CONVERSION = YES;
				CLANG_WARN_DEPRECATED_OBJC_IMPLEMENTATIONS = YES;
				CLANG_WARN_DIRECT_OBJC_ISA_USAGE = YES_ERROR;
				CLANG_WARN_DOCUMENTATION_COMMENTS = YES;
				CLANG_WARN_EMPTY_BODY = YES;
				CLANG_WARN_ENUM_CONVERSION = YES;
				CLANG_WARN_INFINITE_RECURSION = YES;
				CLANG_WARN_INT_CONVERSION = YES;
				CLANG_WARN_NON_LITERAL_NULL_CONVERSION = YES;
				CLANG_WARN_OBJC_IMPLICIT_RETAIN_SELF = YES;
				CLANG_WARN_OBJC_LITERAL_CONVERSION = YES;
				CLANG_WARN_OBJC_ROOT_CLASS = YES_ERROR;
				CLANG_WARN_QUOTED_INCLUDE_IN_FRAMEWORK_HEADER = YES;
				CLANG_WARN_RANGE_LOOP_ANALYSIS = YES;
				CLANG_WARN_STRICT_PROTOTYPES = YES;
				CLANG_WARN_SUSPICIOUS_MOVE = YES;
				CLANG_WARN_UNGUARDED_AVAILABILITY = YES_AGGRESSIVE;
				CLANG_WARN_UNREACHABLE_CODE = YES;
				CLANG_WARN__DUPLICATE_METHOD_MATCH = YES;
				COPY_PHASE_STRIP = NO;
				DEBUG_INFORMATION_FORMAT = "dwarf-with-dsym";
				ENABLE_NS_ASSERTIONS = NO;
				ENABLE_STRICT_OBJC_MSGSEND = YES;
				GCC_C_LANGUAGE_STANDARD = gnu11;
				GCC_NO_COMMON_BLOCKS = YES;
				GCC_WARN_64_TO_32_BIT_CONVERSION = YES;
				GCC_WARN_ABOUT_RETURN_TYPE = YES_ERROR;
				GCC_WARN_UNDECLARED_SELECTOR = YES;
				GCC_WARN_UNINITIALIZED_AUTOS = YES_AGGRESSIVE;
				GCC_WARN_UNUSED_FUNCTION = YES;
				GCC_WARN_UNUSED_VARIABLE = YES;
				MTL_ENABLE_DEBUG_INFO = NO;
				MTL_FAST_MATH = YES;
				SWIFT_COMPILATION_MODE = wholemodule;
				SWIFT_OPTIMIZATION_LEVEL = "-O";
			};
			name = Release;
		};
		E5D9F27C24BEBDBD009A526B /* Debug */ = {
			isa = XCBuildConfiguration;
			buildSettings = {
				ASSETCATALOG_COMPILER_APPICON_NAME = AppIcon;
				ASSETCATALOG_COMPILER_GLOBAL_ACCENT_COLOR_NAME = AccentColor;
				CODE_SIGN_STYLE = Automatic;
				DEVELOPMENT_TEAM = P437HSA6PY;
				ENABLE_PREVIEWS = YES;
				INFOPLIST_FILE = iOS/Info.plist;
				IPHONEOS_DEPLOYMENT_TARGET = 14.0;
				LD_RUNPATH_SEARCH_PATHS = (
					"$(inherited)",
					"@executable_path/Frameworks",
				);
				PRODUCT_BUNDLE_IDENTIFIER = tech.penginmura.LifeGameApp;
				PRODUCT_NAME = LifeGameApp;
				SDKROOT = iphoneos;
				SWIFT_VERSION = 5.0;
				TARGETED_DEVICE_FAMILY = "1,2";
			};
			name = Debug;
		};
		E5D9F27D24BEBDBD009A526B /* Release */ = {
			isa = XCBuildConfiguration;
			buildSettings = {
				ASSETCATALOG_COMPILER_APPICON_NAME = AppIcon;
				ASSETCATALOG_COMPILER_GLOBAL_ACCENT_COLOR_NAME = AccentColor;
				CODE_SIGN_STYLE = Automatic;
				DEVELOPMENT_TEAM = P437HSA6PY;
				ENABLE_PREVIEWS = YES;
				INFOPLIST_FILE = iOS/Info.plist;
				IPHONEOS_DEPLOYMENT_TARGET = 14.0;
				LD_RUNPATH_SEARCH_PATHS = (
					"$(inherited)",
					"@executable_path/Frameworks",
				);
				PRODUCT_BUNDLE_IDENTIFIER = tech.penginmura.LifeGameApp;
				PRODUCT_NAME = LifeGameApp;
				SDKROOT = iphoneos;
				SWIFT_VERSION = 5.0;
				TARGETED_DEVICE_FAMILY = "1,2";
				VALIDATE_PRODUCT = YES;
			};
			name = Release;
		};
		E5D9F27F24BEBDBD009A526B /* Debug */ = {
			isa = XCBuildConfiguration;
			buildSettings = {
				ASSETCATALOG_COMPILER_APPICON_NAME = AppIcon;
				ASSETCATALOG_COMPILER_GLOBAL_ACCENT_COLOR_NAME = AccentColor;
				CODE_SIGN_ENTITLEMENTS = macOS/macOS.entitlements;
				CODE_SIGN_STYLE = Automatic;
				COMBINE_HIDPI_IMAGES = YES;
				DEVELOPMENT_TEAM = P437HSA6PY;
				ENABLE_HARDENED_RUNTIME = YES;
				ENABLE_PREVIEWS = YES;
				INFOPLIST_FILE = macOS/Info.plist;
				LD_RUNPATH_SEARCH_PATHS = (
					"$(inherited)",
					"@executable_path/../Frameworks",
				);
				MACOSX_DEPLOYMENT_TARGET = 10.16;
				PRODUCT_BUNDLE_IDENTIFIER = tech.penginmura.LifeGameApp;
				PRODUCT_NAME = LifeGameApp;
				SDKROOT = macosx;
				SWIFT_VERSION = 5.0;
			};
			name = Debug;
		};
		E5D9F28024BEBDBD009A526B /* Release */ = {
			isa = XCBuildConfiguration;
			buildSettings = {
				ASSETCATALOG_COMPILER_APPICON_NAME = AppIcon;
				ASSETCATALOG_COMPILER_GLOBAL_ACCENT_COLOR_NAME = AccentColor;
				CODE_SIGN_ENTITLEMENTS = macOS/macOS.entitlements;
				CODE_SIGN_STYLE = Automatic;
				COMBINE_HIDPI_IMAGES = YES;
				DEVELOPMENT_TEAM = P437HSA6PY;
				ENABLE_HARDENED_RUNTIME = YES;
				ENABLE_PREVIEWS = YES;
				INFOPLIST_FILE = macOS/Info.plist;
				LD_RUNPATH_SEARCH_PATHS = (
					"$(inherited)",
					"@executable_path/../Frameworks",
				);
				MACOSX_DEPLOYMENT_TARGET = 10.16;
				PRODUCT_BUNDLE_IDENTIFIER = tech.penginmura.LifeGameApp;
				PRODUCT_NAME = LifeGameApp;
				SDKROOT = macosx;
				SWIFT_VERSION = 5.0;
			};
			name = Release;
		};
		E5D9F28224BEBDBD009A526B /* Debug */ = {
			isa = XCBuildConfiguration;
			buildSettings = {
				ALWAYS_EMBED_SWIFT_STANDARD_LIBRARIES = YES;
				CODE_SIGN_STYLE = Automatic;
				DEVELOPMENT_TEAM = P437HSA6PY;
				INFOPLIST_FILE = "Tests iOS/Info.plist";
				IPHONEOS_DEPLOYMENT_TARGET = 14.0;
				LD_RUNPATH_SEARCH_PATHS = (
					"$(inherited)",
					"@executable_path/Frameworks",
					"@loader_path/Frameworks",
				);
				PRODUCT_BUNDLE_IDENTIFIER = "tech.penginmura.Tests-iOS";
				PRODUCT_NAME = "$(TARGET_NAME)";
				SDKROOT = iphoneos;
				SWIFT_VERSION = 5.0;
				TARGETED_DEVICE_FAMILY = "1,2";
				TEST_TARGET_NAME = "LifeGameApp (iOS)";
			};
			name = Debug;
		};
		E5D9F28324BEBDBD009A526B /* Release */ = {
			isa = XCBuildConfiguration;
			buildSettings = {
				ALWAYS_EMBED_SWIFT_STANDARD_LIBRARIES = YES;
				CODE_SIGN_STYLE = Automatic;
				DEVELOPMENT_TEAM = P437HSA6PY;
				INFOPLIST_FILE = "Tests iOS/Info.plist";
				IPHONEOS_DEPLOYMENT_TARGET = 14.0;
				LD_RUNPATH_SEARCH_PATHS = (
					"$(inherited)",
					"@executable_path/Frameworks",
					"@loader_path/Frameworks",
				);
				PRODUCT_BUNDLE_IDENTIFIER = "tech.penginmura.Tests-iOS";
				PRODUCT_NAME = "$(TARGET_NAME)";
				SDKROOT = iphoneos;
				SWIFT_VERSION = 5.0;
				TARGETED_DEVICE_FAMILY = "1,2";
				TEST_TARGET_NAME = "LifeGameApp (iOS)";
				VALIDATE_PRODUCT = YES;
			};
			name = Release;
		};
		E5D9F28524BEBDBD009A526B /* Debug */ = {
			isa = XCBuildConfiguration;
			buildSettings = {
				ALWAYS_EMBED_SWIFT_STANDARD_LIBRARIES = YES;
				CODE_SIGN_STYLE = Automatic;
				COMBINE_HIDPI_IMAGES = YES;
				DEVELOPMENT_TEAM = P437HSA6PY;
				INFOPLIST_FILE = "Tests macOS/Info.plist";
				LD_RUNPATH_SEARCH_PATHS = (
					"$(inherited)",
					"@executable_path/../Frameworks",
					"@loader_path/../Frameworks",
				);
				MACOSX_DEPLOYMENT_TARGET = 10.15;
				PRODUCT_BUNDLE_IDENTIFIER = "tech.penginmura.Tests-macOS";
				PRODUCT_NAME = "$(TARGET_NAME)";
				SDKROOT = macosx;
				SWIFT_VERSION = 5.0;
				TEST_TARGET_NAME = "LifeGameApp (macOS)";
			};
			name = Debug;
		};
		E5D9F28624BEBDBD009A526B /* Release */ = {
			isa = XCBuildConfiguration;
			buildSettings = {
				ALWAYS_EMBED_SWIFT_STANDARD_LIBRARIES = YES;
				CODE_SIGN_STYLE = Automatic;
				COMBINE_HIDPI_IMAGES = YES;
				DEVELOPMENT_TEAM = P437HSA6PY;
				INFOPLIST_FILE = "Tests macOS/Info.plist";
				LD_RUNPATH_SEARCH_PATHS = (
					"$(inherited)",
					"@executable_path/../Frameworks",
					"@loader_path/../Frameworks",
				);
				MACOSX_DEPLOYMENT_TARGET = 10.15;
				PRODUCT_BUNDLE_IDENTIFIER = "tech.penginmura.Tests-macOS";
				PRODUCT_NAME = "$(TARGET_NAME)";
				SDKROOT = macosx;
				SWIFT_VERSION = 5.0;
				TEST_TARGET_NAME = "LifeGameApp (macOS)";
			};
			name = Release;
		};
/* End XCBuildConfiguration section */

/* Begin XCConfigurationList section */
		E5D9F24824BEBDBC009A526B /* Build configuration list for PBXProject "LifeGameApp" */ = {
			isa = XCConfigurationList;
			buildConfigurations = (
				E5D9F27924BEBDBD009A526B /* Debug */,
				E5D9F27A24BEBDBD009A526B /* Release */,
			);
			defaultConfigurationIsVisible = 0;
			defaultConfigurationName = Release;
		};
		E5D9F27B24BEBDBD009A526B /* Build configuration list for PBXNativeTarget "LifeGameApp (iOS)" */ = {
			isa = XCConfigurationList;
			buildConfigurations = (
				E5D9F27C24BEBDBD009A526B /* Debug */,
				E5D9F27D24BEBDBD009A526B /* Release */,
			);
			defaultConfigurationIsVisible = 0;
			defaultConfigurationName = Release;
		};
		E5D9F27E24BEBDBD009A526B /* Build configuration list for PBXNativeTarget "LifeGameApp (macOS)" */ = {
			isa = XCConfigurationList;
			buildConfigurations = (
				E5D9F27F24BEBDBD009A526B /* Debug */,
				E5D9F28024BEBDBD009A526B /* Release */,
			);
			defaultConfigurationIsVisible = 0;
			defaultConfigurationName = Release;
		};
		E5D9F28124BEBDBD009A526B /* Build configuration list for PBXNativeTarget "Tests iOS" */ = {
			isa = XCConfigurationList;
			buildConfigurations = (
				E5D9F28224BEBDBD009A526B /* Debug */,
				E5D9F28324BEBDBD009A526B /* Release */,
			);
			defaultConfigurationIsVisible = 0;
			defaultConfigurationName = Release;
		};
		E5D9F28424BEBDBD009A526B /* Build configuration list for PBXNativeTarget "Tests macOS" */ = {
			isa = XCConfigurationList;
			buildConfigurations = (
				E5D9F28524BEBDBD009A526B /* Debug */,
				E5D9F28624BEBDBD009A526B /* Release */,
			);
			defaultConfigurationIsVisible = 0;
			defaultConfigurationName = Release;
		};
/* End XCConfigurationList section */

/* Begin XCRemoteSwiftPackageReference section */
		E51836E924C0AA3B00DDE3A6 /* XCRemoteSwiftPackageReference "LifeGame" */ = {
			isa = XCRemoteSwiftPackageReference;
			repositoryURL = "https://github.com/YusukeHosonuma/LifeGame";
			requirement = {
				branch = main;
				kind = branch;
			};
		};
/* End XCRemoteSwiftPackageReference section */

/* Begin XCSwiftPackageProductDependency section */
		E51836EA24C0AA3B00DDE3A6 /* LifeGame */ = {
			isa = XCSwiftPackageProductDependency;
			package = E51836E924C0AA3B00DDE3A6 /* XCRemoteSwiftPackageReference "LifeGame" */;
			productName = LifeGame;
		};
		E5BA30B524BEE444002D0564 /* LifeGame */ = {
			isa = XCSwiftPackageProductDependency;
			productName = LifeGame;
		};
/* End XCSwiftPackageProductDependency section */
	};
	rootObject = E5D9F24524BEBDBC009A526B /* Project object */;
}
