{
  "object": {
    "pins": [
      {
        "package": "LifeGame",
        "repositoryURL": "https://github.com/YusukeHosonuma/LifeGame",
        "state": {
          "branch": null,
          "revision": "c0408f36206efa462e8db73328df1ca8d7f99a58",
          "version": "1.2.0"
        }
      }
    ]
  },
  "version": 1
}
