{
  "object": {
    "pins": [
      {
        "package": "LifeGame",
        "repositoryURL": "https://github.com/YusukeHosonuma/LifeGame",
        "state": {
          "branch": null,
          "revision": "ee67c895c7bba331062fa2de14435dfef32fdbaa",
          "version": "1.0.0"
        }
      }
    ]
  },
  "version": 1
}
